<?xml version="1.0" encoding="utf-8"?>
<Project ToolsVersion="4.0" xmlns="http://schemas.microsoft.com/developer/msbuild/2003">
  <ItemGroup>
    <Filter Include="源文件">
      <UniqueIdentifier>{4FC737F1-C7A5-4376-A066-2A32D752A2FF}</UniqueIdentifier>
      <Extensions>cpp;c;cc;cxx;def;odl;idl;hpj;bat;asm;asmx</Extensions>
    </Filter>
    <Filter Include="头文件">
      <UniqueIdentifier>{93995380-89BD-4b04-88EB-625FBE52EBFB}</UniqueIdentifier>
      <Extensions>h;hpp;hxx;hm;inl;inc;xsd</Extensions>
    </Filter>
    <Filter Include="资源文件">
      <UniqueIdentifier>{67DA6AB6-F800-4c08-8B7A-83BB121AAD01}</UniqueIdentifier>
      <Extensions>rc;ico;cur;bmp;dlg;rc2;rct;bin;rgs;gif;jpg;jpeg;jpe;resx;tiff;tif;png;wav;mfcribbon-ms</Extensions>
    </Filter>
    <Filter Include="源文件\Model">
      <UniqueIdentifier>{f6e1ff41-8f9c-460c-98e4-34e75a6ec222}</UniqueIdentifier>
    </Filter>
    <Filter Include="头文件\gl">
      <UniqueIdentifier>{fe980eb3-a2a7-41cb-a6cd-11f8d3fa8e72}</UniqueIdentifier>
    </Filter>
    <Filter Include="头文件\math">
      <UniqueIdentifier>{b0fded1e-da36-4e1c-ae3f-12d059f5c6a3}</UniqueIdentifier>
    </Filter>
    <Filter Include="头文件\models">
      <UniqueIdentifier>{4725f1b7-10cf-42d4-9e32-957687bb926c}</UniqueIdentifier>
    </Filter>
    <Filter Include="源文件\timer">
      <UniqueIdentifier>{84545dc3-9871-4d33-bf81-7e2161c73aca}</UniqueIdentifier>
    </Filter>
  </ItemGroup>
  <ItemGroup>
    <ClInclude Include="Defines.h">
      <Filter>头文件</Filter>
    </ClInclude>
    <ClInclude Include="SOIL.h">
      <Filter>头文件</Filter>
    </ClInclude>
    <ClInclude Include="Glext.h">
      <Filter>头文件\gl</Filter>
    </ClInclude>
    <ClInclude Include="CGame.h">
      <Filter>头文件</Filter>
    </ClInclude>
    <ClInclude Include="CStaticImages.h">
      <Filter>头文件</Filter>
    </ClInclude>
    <ClInclude Include="CCamera.h">
      <Filter>头文件</Filter>
    </ClInclude>
    <ClInclude Include="Main.h">
      <Filter>头文件</Filter>
    </ClInclude>
    <ClInclude Include="mat.h">
      <Filter>头文件\math</Filter>
    </ClInclude>
    <ClInclude Include="vec.h">
      <Filter>头文件\math</Filter>
    </ClInclude>
    <ClInclude Include="matrix.h">
      <Filter>头文件\math</Filter>
    </ClInclude>
    <ClInclude Include="Vector.h">
      <Filter>头文件\math</Filter>
    </ClInclude>
    <ClInclude Include="Model.h">
      <Filter>头文件\models</Filter>
    </ClInclude>
    <ClInclude Include="Win32Timer.h">
      <Filter>头文件</Filter>
    </ClInclude>
    <ClInclude Include="CTimer.h">
      <Filter>头文件</Filter>
    </ClInclude>
    <ClInclude Include="Milkshape.h">
      <Filter>头文件\models</Filter>
    </ClInclude>
    <ClInclude Include="CAltitude.h">
      <Filter>头文件</Filter>
    </ClInclude>
    <ClInclude Include="CFigure.h">
      <Filter>头文件</Filter>
    </ClInclude>
  </ItemGroup>
  <ItemGroup>
    <ClCompile Include="Matrix.cpp">
      <Filter>源文件</Filter>
    </ClCompile>
    <ClCompile Include="Vector.cpp">
      <Filter>源文件</Filter>
    </ClCompile>
    <ClCompile Include="Model.cpp">
      <Filter>源文件\Model</Filter>
    </ClCompile>
    <ClCompile Include="CGame.cpp">
      <Filter>源文件</Filter>
    </ClCompile>
    <ClCompile Include="CStaticImages.cpp">
      <Filter>源文件</Filter>
    </ClCompile>
    <ClCompile Include="CCamera.cpp">
      <Filter>源文件</Filter>
    </ClCompile>
    <ClCompile Include="Main.cpp">
      <Filter>源文件</Filter>
    </ClCompile>
    <ClCompile Include="CTimer.cpp">
      <Filter>源文件\timer</Filter>
    </ClCompile>
    <ClCompile Include="Win32Timer.cpp">
      <Filter>源文件\timer</Filter>
    </ClCompile>
    <ClCompile Include="Milkshape.cpp">
      <Filter>源文件\Model</Filter>
    </ClCompile>
    <ClCompile Include="CAltitude.cpp">
      <Filter>源文件</Filter>
    </ClCompile>
    <ClCompile Include="CFigure.cpp">
      <Filter>源文件</Filter>
    </ClCompile>
  </ItemGroup>
</Project>